{
  "name": "@mauss/devtools",
  "version": "0.0.1",
  "lockfileVersion": 2,
  "requires": true,
  "packages": {
    "": {
      "name": "@mauss/devtools",
      "version": "0.0.1",
      "license": "MIT",
      "devDependencies": {
        "svelement": "0.0.10"
      },
      "peerDependencies": {
        "svelement": "0.0.10",
        "svelte": "^3.32.1"
      }
    },
    "node_modules/mauss": {
      "version": "0.0.3",
      "resolved": "https://registry.npmjs.org/mauss/-/mauss-0.0.3.tgz",
      "integrity": "sha512-p3xG75/ABVEG1aaMugoqmajUwHpr0AfE2sXyjZIgeV5EqFAlw2YutXij1yOSHrhbBpLobL54wvhc6avNBvNsaw==",
      "dev": true
    },
    "node_modules/svelement": {
      "version": "0.0.10",
      "resolved": "https://registry.npmjs.org/svelement/-/svelement-0.0.10.tgz",
      "integrity": "sha512-zuXTHKFxBbYgmmtLPiSYZ1Bdscq/lxLwdYNhq6U710RHFGTTptCCpIuKrtvVjDzuv0lItmrdQ+aWeX6EFP0fCA==",
      "dev": true,
      "dependencies": {
        "mauss": "0.0.3"
      }
    },
    "node_modules/svelte": {
      "version": "3.32.2",
      "resolved": "https://registry.npmjs.org/svelte/-/svelte-3.32.2.tgz",
      "integrity": "sha512-Zxh1MQQl/+vnToKbU1Per+PoMN8Jb2MeKJcGxiOsCGR677hXw7jkMfbnNXq33+dxIzV/HfA4xtoSPJrqeB0VUg==",
      "license": "MIT",
      "peer": true,
      "engines": {
        "node": ">= 8"
      }
    }
  },
  "dependencies": {
    "mauss": {
      "version": "0.0.3",
      "resolved": "https://registry.npmjs.org/mauss/-/mauss-0.0.3.tgz",
      "integrity": "sha512-p3xG75/ABVEG1aaMugoqmajUwHpr0AfE2sXyjZIgeV5EqFAlw2YutXij1yOSHrhbBpLobL54wvhc6avNBvNsaw==",
      "dev": true
    },
    "svelement": {
      "version": "0.0.10",
      "resolved": "https://registry.npmjs.org/svelement/-/svelement-0.0.10.tgz",
      "integrity": "sha512-zuXTHKFxBbYgmmtLPiSYZ1Bdscq/lxLwdYNhq6U710RHFGTTptCCpIuKrtvVjDzuv0lItmrdQ+aWeX6EFP0fCA==",
      "dev": true,
      "requires": {
        "mauss": "0.0.3"
      }
    },
    "svelte": {
      "version": "3.32.2",
      "resolved": "https://registry.npmjs.org/svelte/-/svelte-3.32.2.tgz",
      "integrity": "sha512-Zxh1MQQl/+vnToKbU1Per+PoMN8Jb2MeKJcGxiOsCGR677hXw7jkMfbnNXq33+dxIzV/HfA4xtoSPJrqeB0VUg==",
      "peer": true
    }
  }
}
