{
  "name": "@mauss/devtools",
  "version": "0.2.0",
  "lockfileVersion": 2,
  "requires": true,
  "packages": {
    "": {
      "name": "@mauss/devtools",
      "version": "0.2.0",
      "license": "MIT",
      "devDependencies": {
        "mauss": "^0.3.3",
        "prettier": "^2.2.1",
        "syv": "^0.0.13",
        "typescript": "^4.2.4"
      },
      "peerDependencies": {
        "svelte": "^3.49.0",
        "syv": "^0.0.13"
      }
    },
    "node_modules/mauss": {
      "version": "0.3.3",
      "resolved": "https://registry.npmjs.org/mauss/-/mauss-0.3.3.tgz",
      "integrity": "sha512-NSTslY2so2r6+cEwQi5Yc6i+L2aEEesd1WPOfYommjmg8UAXS87MVWnLXuR0XR0gWS3ukit+JMCKuT1Xkg7EvQ==",
      "dev": true
    },
    "node_modules/prettier": {
      "version": "2.7.1",
      "resolved": "https://registry.npmjs.org/prettier/-/prettier-2.7.1.tgz",
      "integrity": "sha512-ujppO+MkdPqoVINuDFDRLClm7D78qbDt0/NR+wp5FqEZOoTNAjPHWj17QRhu7geIHJfcNhRk1XVQmF8Bp3ye+g==",
      "dev": true,
      "bin": {
        "prettier": "bin-prettier.js"
      },
      "engines": {
        "node": ">=10.13.0"
      },
      "funding": {
        "url": "https://github.com/prettier/prettier?sponsor=1"
      }
    },
    "node_modules/svelte": {
      "version": "3.49.0",
      "resolved": "https://registry.npmjs.org/svelte/-/svelte-3.49.0.tgz",
      "integrity": "sha512-+lmjic1pApJWDfPCpUUTc1m8azDqYCG1JN9YEngrx/hUyIcFJo6VZhj0A1Ai0wqoHcEIuQy+e9tk+4uDgdtsFA==",
      "peer": true,
      "engines": {
        "node": ">= 8"
      }
    },
    "node_modules/syv": {
      "version": "0.0.13",
      "resolved": "https://registry.npmjs.org/syv/-/syv-0.0.13.tgz",
      "integrity": "sha512-ROWdjVNc2zWzMZNxc8/QbTKAA0wv3PSHX17IMIJr6Cy8Dkrjj1TlwQL/tHyESv1AfqMg4xA1F6mL9Lde9eBR4g==",
      "dev": true,
      "dependencies": {
        "mauss": "^0.3.2"
      },
      "peerDependencies": {
        "svelte": "^3.49.0"
      }
    },
    "node_modules/typescript": {
      "version": "4.7.4",
      "resolved": "https://registry.npmjs.org/typescript/-/typescript-4.7.4.tgz",
      "integrity": "sha512-C0WQT0gezHuw6AdY1M2jxUO83Rjf0HP7Sk1DtXj6j1EwkQNZrHAg2XPWlq62oqEhYvONq5pkC2Y9oPljWToLmQ==",
      "dev": true,
      "bin": {
        "tsc": "bin/tsc",
        "tsserver": "bin/tsserver"
      },
      "engines": {
        "node": ">=4.2.0"
      }
    }
  },
  "dependencies": {
    "mauss": {
      "version": "0.3.3",
      "resolved": "https://registry.npmjs.org/mauss/-/mauss-0.3.3.tgz",
      "integrity": "sha512-NSTslY2so2r6+cEwQi5Yc6i+L2aEEesd1WPOfYommjmg8UAXS87MVWnLXuR0XR0gWS3ukit+JMCKuT1Xkg7EvQ==",
      "dev": true
    },
    "prettier": {
      "version": "2.7.1",
      "resolved": "https://registry.npmjs.org/prettier/-/prettier-2.7.1.tgz",
      "integrity": "sha512-ujppO+MkdPqoVINuDFDRLClm7D78qbDt0/NR+wp5FqEZOoTNAjPHWj17QRhu7geIHJfcNhRk1XVQmF8Bp3ye+g==",
      "dev": true
    },
    "svelte": {
      "version": "3.49.0",
      "resolved": "https://registry.npmjs.org/svelte/-/svelte-3.49.0.tgz",
      "integrity": "sha512-+lmjic1pApJWDfPCpUUTc1m8azDqYCG1JN9YEngrx/hUyIcFJo6VZhj0A1Ai0wqoHcEIuQy+e9tk+4uDgdtsFA==",
      "peer": true
    },
    "syv": {
      "version": "0.0.13",
      "resolved": "https://registry.npmjs.org/syv/-/syv-0.0.13.tgz",
      "integrity": "sha512-ROWdjVNc2zWzMZNxc8/QbTKAA0wv3PSHX17IMIJr6Cy8Dkrjj1TlwQL/tHyESv1AfqMg4xA1F6mL9Lde9eBR4g==",
      "dev": true,
      "requires": {
        "mauss": "^0.3.2"
      }
    },
    "typescript": {
      "version": "4.7.4",
      "resolved": "https://registry.npmjs.org/typescript/-/typescript-4.7.4.tgz",
      "integrity": "sha512-C0WQT0gezHuw6AdY1M2jxUO83Rjf0HP7Sk1DtXj6j1EwkQNZrHAg2XPWlq62oqEhYvONq5pkC2Y9oPljWToLmQ==",
      "dev": true
    }
  }
}
