{
  "name": "@mauss/devtools",
  "version": "0.0.1",
  "lockfileVersion": 2,
  "requires": true,
  "packages": {
    "": {
      "name": "@mauss/devtools",
      "version": "0.0.1",
      "license": "MIT",
      "devDependencies": {
        "mauss": "^0.0.9",
        "prettier": "^2.2.1",
        "svelement": "0.0.11",
        "typescript": "^4.2.4"
      },
      "peerDependencies": {
        "svelement": "^0.0.11",
        "svelte": "^3.32.1"
      }
    },
    "node_modules/mauss": {
      "version": "0.0.9",
      "resolved": "https://registry.npmjs.org/mauss/-/mauss-0.0.9.tgz",
      "integrity": "sha512-actWyB0zEMGj0poCECreXH/HuoDKK/uT8d5oVlXmYfx/1IG8t62qzY1Yysh8g4EtERh/QPyqpDGgSF4fpzY8kw==",
      "dev": true
    },
    "node_modules/prettier": {
      "version": "2.2.1",
      "resolved": "https://registry.npmjs.org/prettier/-/prettier-2.2.1.tgz",
      "integrity": "sha512-PqyhM2yCjg/oKkFPtTGUojv7gnZAoG80ttl45O6x2Ug/rMJw4wcc9k6aaf2hibP7BGVCCM33gZoGjyvt9mm16Q==",
      "dev": true,
      "bin": {
        "prettier": "bin-prettier.js"
      },
      "engines": {
        "node": ">=10.13.0"
      }
    },
    "node_modules/svelement": {
      "version": "0.0.11",
      "resolved": "https://registry.npmjs.org/svelement/-/svelement-0.0.11.tgz",
      "integrity": "sha512-Qs12LflKHjR2axUIJuIc/zTYPtHr0KsBrJ5NgQlEUhUbnWgVBlqh9qJuBzWX7bZ/+gywGznbH/VFAXlbCdVcng==",
      "dev": true,
      "dependencies": {
        "mauss": "^0.0.7"
      },
      "peerDependencies": {
        "svelte": "^3.31.0"
      }
    },
    "node_modules/svelement/node_modules/mauss": {
      "version": "0.0.7",
      "resolved": "https://registry.npmjs.org/mauss/-/mauss-0.0.7.tgz",
      "integrity": "sha512-W2DN1EfKMnLVqYyLr3qH/sygWUUN87vdqG5aW88+4Soaj4MeyVslhtH7JNMg/N7vFHth8JE+i642zWxZECoEqg==",
      "dev": true
    },
    "node_modules/svelte": {
      "version": "3.32.2",
      "resolved": "https://registry.npmjs.org/svelte/-/svelte-3.32.2.tgz",
      "integrity": "sha512-Zxh1MQQl/+vnToKbU1Per+PoMN8Jb2MeKJcGxiOsCGR677hXw7jkMfbnNXq33+dxIzV/HfA4xtoSPJrqeB0VUg==",
      "license": "MIT",
      "peer": true,
      "engines": {
        "node": ">= 8"
      }
    },
    "node_modules/typescript": {
      "version": "4.2.4",
      "resolved": "https://registry.npmjs.org/typescript/-/typescript-4.2.4.tgz",
      "integrity": "sha512-V+evlYHZnQkaz8TRBuxTA92yZBPotr5H+WhQ7bD3hZUndx5tGOa1fuCgeSjxAzM1RiN5IzvadIXTVefuuwZCRg==",
      "dev": true,
      "bin": {
        "tsc": "bin/tsc",
        "tsserver": "bin/tsserver"
      },
      "engines": {
        "node": ">=4.2.0"
      }
    }
  },
  "dependencies": {
    "mauss": {
      "version": "0.0.9",
      "resolved": "https://registry.npmjs.org/mauss/-/mauss-0.0.9.tgz",
      "integrity": "sha512-actWyB0zEMGj0poCECreXH/HuoDKK/uT8d5oVlXmYfx/1IG8t62qzY1Yysh8g4EtERh/QPyqpDGgSF4fpzY8kw==",
      "dev": true
    },
    "prettier": {
      "version": "2.2.1",
      "resolved": "https://registry.npmjs.org/prettier/-/prettier-2.2.1.tgz",
      "integrity": "sha512-PqyhM2yCjg/oKkFPtTGUojv7gnZAoG80ttl45O6x2Ug/rMJw4wcc9k6aaf2hibP7BGVCCM33gZoGjyvt9mm16Q==",
      "dev": true
    },
    "svelement": {
      "version": "0.0.11",
      "resolved": "https://registry.npmjs.org/svelement/-/svelement-0.0.11.tgz",
      "integrity": "sha512-Qs12LflKHjR2axUIJuIc/zTYPtHr0KsBrJ5NgQlEUhUbnWgVBlqh9qJuBzWX7bZ/+gywGznbH/VFAXlbCdVcng==",
      "dev": true,
      "requires": {
        "mauss": "^0.0.7"
      },
      "dependencies": {
        "mauss": {
          "version": "0.0.7",
          "resolved": "https://registry.npmjs.org/mauss/-/mauss-0.0.7.tgz",
          "integrity": "sha512-W2DN1EfKMnLVqYyLr3qH/sygWUUN87vdqG5aW88+4Soaj4MeyVslhtH7JNMg/N7vFHth8JE+i642zWxZECoEqg==",
          "dev": true
        }
      }
    },
    "svelte": {
      "version": "3.32.2",
      "resolved": "https://registry.npmjs.org/svelte/-/svelte-3.32.2.tgz",
      "integrity": "sha512-Zxh1MQQl/+vnToKbU1Per+PoMN8Jb2MeKJcGxiOsCGR677hXw7jkMfbnNXq33+dxIzV/HfA4xtoSPJrqeB0VUg==",
      "peer": true
    },
    "typescript": {
      "version": "4.2.4",
      "resolved": "https://registry.npmjs.org/typescript/-/typescript-4.2.4.tgz",
      "integrity": "sha512-V+evlYHZnQkaz8TRBuxTA92yZBPotr5H+WhQ7bD3hZUndx5tGOa1fuCgeSjxAzM1RiN5IzvadIXTVefuuwZCRg==",
      "dev": true
    }
  }
}
